
Microsoft Visual Studio Solution File, Format Version 12.00
# Visual Studio Version 17
VisualStudioVersion = 17.9.34701.34
MinimumVisualStudioVersion = 10.0.40219.1
Project("{FAE04EC0-301F-11D3-BF4B-00C04F79EFBC}") = "Sort", "Sort\Sort.csproj", "{8AAD3DC2-FB28-4B8F-84EA-B692430BDDD7}"
EndProject
Project("{FAE04EC0-301F-11D3-BF4B-00C04F79EFBC}") = "Strassen", "Strassen\Strassen.csproj", "{F2E41811-BFBA-4E0A-B2D4-378BDFED343B}"
EndProject
Project("{2150E333-8FDC-42A3-9474-1A3956D46DE8}") = "解决方案项", "解决方案项", "{C7377D80-97A9-4103-8DFF-A2C7A71B5578}"
	ProjectSection(SolutionItems) = preProject
		BigNumer\BigNumber.csproj = BigNumer\BigNumber.csproj
	EndProjectSection
EndProject
Global
	GlobalSection(SolutionConfigurationPlatforms) = preSolution
		Debug|Any CPU = Debug|Any CPU
		Release|Any CPU = Release|Any CPU
	EndGlobalSection
	GlobalSection(ProjectConfigurationPlatforms) = postSolution
		{8AAD3DC2-FB28-4B8F-84EA-B692430BDDD7}.Debug|Any CPU.ActiveCfg = Debug|Any CPU
		{8AAD3DC2-FB28-4B8F-84EA-B692430BDDD7}.Debug|Any CPU.Build.0 = Debug|Any CPU
		{8AAD3DC2-FB28-4B8F-84EA-B692430BDDD7}.Release|Any CPU.ActiveCfg = Release|Any CPU
		{8AAD3DC2-FB28-4B8F-84EA-B692430BDDD7}.Release|Any CPU.Build.0 = Release|Any CPU
		{F2E41811-BFBA-4E0A-B2D4-378BDFED343B}.Debug|Any CPU.ActiveCfg = Debug|Any CPU
		{F2E41811-BFBA-4E0A-B2D4-378BDFED343B}.Debug|Any CPU.Build.0 = Debug|Any CPU
		{F2E41811-BFBA-4E0A-B2D4-378BDFED343B}.Release|Any CPU.ActiveCfg = Release|Any CPU
		{F2E41811-BFBA-4E0A-B2D4-378BDFED343B}.Release|Any CPU.Build.0 = Release|Any CPU
	EndGlobalSection
	GlobalSection(SolutionProperties) = preSolution
		HideSolutionNode = FALSE
	EndGlobalSection
	GlobalSection(ExtensibilityGlobals) = postSolution
		SolutionGuid = {F815091F-5826-4169-B5B7-8BD456EBE8DF}
	EndGlobalSection
EndGlobal
